
Microsoft Visual Studio Solution File, Format Version 12.00
# Visual Studio Version 17
VisualStudioVersion = 17.14.36705.20 d17.14
MinimumVisualStudioVersion = 10.0.40219.1
Project("{FAE04EC0-301F-11D3-BF4B-00C04F79EFBC}") = "ALTTP_Helper_CSharp", "ALTTP_Helper_CSharp.csproj", "{4F82969E-B86D-444C-9880-114BE3F85780}"
EndProject
Global
	GlobalSection(SolutionConfigurationPlatforms) = preSolution
		Debug|Any CPU = Debug|Any CPU
		Release|Any CPU = Release|Any CPU
	EndGlobalSection
	GlobalSection(ProjectConfigurationPlatforms) = postSolution
		{4F82969E-B86D-444C-9880-114BE3F85780}.Debug|Any CPU.ActiveCfg = Debug|Any CPU
		{4F82969E-B86D-444C-9880-114BE3F85780}.Debug|Any CPU.Build.0 = Debug|Any CPU
		{4F82969E-B86D-444C-9880-114BE3F85780}.Release|Any CPU.ActiveCfg = Release|Any CPU
		{4F82969E-B86D-444C-9880-114BE3F85780}.Release|Any CPU.Build.0 = Release|Any CPU
	EndGlobalSection
	GlobalSection(SolutionProperties) = preSolution
		HideSolutionNode = FALSE
	EndGlobalSection
	GlobalSection(ExtensibilityGlobals) = postSolution
		SolutionGuid = {967328B7-93FA-4BA5-A4E5-907D860CFD10}
	EndGlobalSection
EndGlobal
